
Microsoft Visual Studio Solution File, Format Version 12.00
# Visual Studio Version 16
VisualStudioVersion = 16.0.31729.503
MinimumVisualStudioVersion = 10.0.40219.1
Project("{FAE04EC0-301F-11D3-BF4B-00C04F79EFBC}") = "ConsoleApp2", "ConsoleApp2\ConsoleApp2.csproj", "{C7D0CAFC-8219-4371-9039-402E4E299680}"
EndProject
Global
	GlobalSection(SolutionConfigurationPlatforms) = preSolution
		Debug|Any CPU = Debug|Any CPU
		Release|Any CPU = Release|Any CPU
	EndGlobalSection
	GlobalSection(ProjectConfigurationPlatforms) = postSolution
		{C7D0CAFC-8219-4371-9039-402E4E299680}.Debug|Any CPU.ActiveCfg = Debug|Any CPU
		{C7D0CAFC-8219-4371-9039-402E4E299680}.Debug|Any CPU.Build.0 = Debug|Any CPU
		{C7D0CAFC-8219-4371-9039-402E4E299680}.Release|Any CPU.ActiveCfg = Release|Any CPU
		{C7D0CAFC-8219-4371-9039-402E4E299680}.Release|Any CPU.Build.0 = Release|Any CPU
	EndGlobalSection
	GlobalSection(SolutionProperties) = preSolution
		HideSolutionNode = FALSE
	EndGlobalSection
	GlobalSection(ExtensibilityGlobals) = postSolution
		SolutionGuid = {48EF35C5-0D24-48AC-97A2-4E7B82B640D6}
	EndGlobalSection
EndGlobal
